
Microsoft Visual Studio Solution File, Format Version 12.00
# Visual Studio 15
VisualStudioVersion = 15.0.28010.2046
MinimumVisualStudioVersion = 10.0.40219.1
Project("{FAE04EC0-301F-11D3-BF4B-00C04F79EFBC}") = "TRUTH", "TRUTH\TRUTH.csproj", "{453C020B-F862-43D3-8F24-B0A5989E04E4}"
EndProject
Global
	GlobalSection(SolutionConfigurationPlatforms) = preSolution
		Debug|Any CPU = Debug|Any CPU
		Release|Any CPU = Release|Any CPU
	EndGlobalSection
	GlobalSection(ProjectConfigurationPlatforms) = postSolution
		{453C020B-F862-43D3-8F24-B0A5989E04E4}.Debug|Any CPU.ActiveCfg = Debug|Any CPU
		{453C020B-F862-43D3-8F24-B0A5989E04E4}.Debug|Any CPU.Build.0 = Debug|Any CPU
		{453C020B-F862-43D3-8F24-B0A5989E04E4}.Release|Any CPU.ActiveCfg = Release|Any CPU
		{453C020B-F862-43D3-8F24-B0A5989E04E4}.Release|Any CPU.Build.0 = Release|Any CPU
	EndGlobalSection
	GlobalSection(SolutionProperties) = preSolution
		HideSolutionNode = FALSE
	EndGlobalSection
	GlobalSection(ExtensibilityGlobals) = postSolution
		SolutionGuid = {11A6E3E9-83AC-4740-A175-3EA34483BCA4}
	EndGlobalSection
EndGlobal
